
Microsoft Visual Studio Solution File, Format Version 12.00
# Visual Studio Version 16
VisualStudioVersion = 16.0.29709.97
MinimumVisualStudioVersion = 10.0.40219.1
Project("{FAE04EC0-301F-11D3-BF4B-00C04F79EFBC}") = "MeliodasBank", "MeliodasBank\MeliodasBank.csproj", "{5C197915-C101-416C-94F0-0E2D9AA304FA}"
EndProject
Global
	GlobalSection(SolutionConfigurationPlatforms) = preSolution
		Debug|Any CPU = Debug|Any CPU
		Release|Any CPU = Release|Any CPU
	EndGlobalSection
	GlobalSection(ProjectConfigurationPlatforms) = postSolution
		{5C197915-C101-416C-94F0-0E2D9AA304FA}.Debug|Any CPU.ActiveCfg = Debug|Any CPU
		{5C197915-C101-416C-94F0-0E2D9AA304FA}.Debug|Any CPU.Build.0 = Debug|Any CPU
		{5C197915-C101-416C-94F0-0E2D9AA304FA}.Release|Any CPU.ActiveCfg = Release|Any CPU
		{5C197915-C101-416C-94F0-0E2D9AA304FA}.Release|Any CPU.Build.0 = Release|Any CPU
	EndGlobalSection
	GlobalSection(SolutionProperties) = preSolution
		HideSolutionNode = FALSE
	EndGlobalSection
	GlobalSection(ExtensibilityGlobals) = postSolution
		SolutionGuid = {AAAC1A2C-1E02-4A0B-8B51-2139F73233C8}
	EndGlobalSection
EndGlobal
